
Microsoft Visual Studio Solution File, Format Version 12.00
# Visual Studio Version 17
VisualStudioVersion = 17.4.33122.133
MinimumVisualStudioVersion = 10.0.40219.1
Project("{FAE04EC0-301F-11D3-BF4B-00C04F79EFBC}") = "BasicRabbitMQ", "BasicRabbitMQ\BasicRabbitMQ.csproj", "{1FE6B177-EE04-464D-8A23-B1C9BF3E32C5}"
EndProject
Project("{FAE04EC0-301F-11D3-BF4B-00C04F79EFBC}") = "BasicRabbitMQ.Consumer", "BasicRabbitMQ.Consumer\BasicRabbitMQ.Consumer.csproj", "{53AA3220-3E09-4A2B-A783-25CD41CAC449}"
EndProject
Global
	GlobalSection(SolutionConfigurationPlatforms) = preSolution
		Debug|Any CPU = Debug|Any CPU
		Release|Any CPU = Release|Any CPU
	EndGlobalSection
	GlobalSection(ProjectConfigurationPlatforms) = postSolution
		{1FE6B177-EE04-464D-8A23-B1C9BF3E32C5}.Debug|Any CPU.ActiveCfg = Debug|Any CPU
		{1FE6B177-EE04-464D-8A23-B1C9BF3E32C5}.Debug|Any CPU.Build.0 = Debug|Any CPU
		{1FE6B177-EE04-464D-8A23-B1C9BF3E32C5}.Release|Any CPU.ActiveCfg = Release|Any CPU
		{1FE6B177-EE04-464D-8A23-B1C9BF3E32C5}.Release|Any CPU.Build.0 = Release|Any CPU
		{53AA3220-3E09-4A2B-A783-25CD41CAC449}.Debug|Any CPU.ActiveCfg = Debug|Any CPU
		{53AA3220-3E09-4A2B-A783-25CD41CAC449}.Debug|Any CPU.Build.0 = Debug|Any CPU
		{53AA3220-3E09-4A2B-A783-25CD41CAC449}.Release|Any CPU.ActiveCfg = Release|Any CPU
		{53AA3220-3E09-4A2B-A783-25CD41CAC449}.Release|Any CPU.Build.0 = Release|Any CPU
	EndGlobalSection
	GlobalSection(SolutionProperties) = preSolution
		HideSolutionNode = FALSE
	EndGlobalSection
	GlobalSection(ExtensibilityGlobals) = postSolution
		SolutionGuid = {55C5AD08-D051-4B62-B335-7439716B57D6}
	EndGlobalSection
EndGlobal
